{
  "meteor": {},
  "dependencies": {
    "basePackages": {
      "iron-router": {},
      "googlemaps": {},
      "loadpicker": {},
      "accounts-entry": {},
      "minimongoid": {},
      "simple-form": {},
      "timeago": {},
      "bootstrap-3": {},
      "reactive-table": {},
      "gsap": {}
    },
    "packages": {
      "iron-router": {
        "git": "https://github.com/EventedMind/iron-router.git",
        "tag": "v0.8.1",
        "commit": "74e867557fd9cb81173e048e5f81cf4a0a1160a8"
      },
      "googlemaps": {
        "git": "https://github.com/drewjw81/meteor-googlemaps.git",
        "tag": "v0.0.2",
        "commit": "da8785c82cfd7de0111f898ef10728e7ed24e361"
      },
      "loadpicker": {
        "git": "https://github.com/guido4000/loadpicker.git",
        "tag": "v1.0.0",
        "commit": "9f8aa83427b21e2d6279db3f018900bf09560352"
      },
      "accounts-entry": {
        "git": "https://github.com/Differential/accounts-entry.git",
        "tag": "v0.8.0",
        "commit": "cf7f7d0ecc285824bc2748e305f5d693df99b4ae"
      },
      "minimongoid": {
        "git": "https://github.com/Exygy/minimongoid.git",
        "tag": "v0.8.8",
        "commit": "cf8d0bec44934d617544965977f270f2a8cdca02"
      },
      "simple-form": {
        "git": "https://github.com/Differential/simple-form.git",
        "tag": "v0.1.8",
        "commit": "1ea0d3621b333e6f24f37e0e93efd3c081068716"
      },
      "timeago": {
        "git": "https://github.com/Differential/timeago.git",
        "tag": "v0.0.4",
        "commit": "60914e8ea3d930febc724febdf137bcd818cb49d"
      },
      "bootstrap-3": {
        "git": "https://github.com/mangasocial/meteor-bootstrap-3.git",
        "tag": "v3.2.0-1",
        "commit": "17a63902fc6cf1096c5289d963c66cf28b474727"
      },
      "reactive-table": {
        "git": "https://github.com/ecohealthalliance/reactive-table.git",
        "tag": "v0.3.15",
        "commit": "be996c811ef4232818bc51439f7cfc8deac9e012"
      },
      "gsap": {
        "git": "https://github.com/RoyalMist/meteor-gsap.git",
        "tag": "v1.11.8",
        "commit": "f814bbb33fb870a3136fc3a5352d6cd881d0266f"
      },
      "iron-layout": {
        "git": "https://github.com/EventedMind/iron-layout.git",
        "tag": "v0.2.0",
        "commit": "4a2d53e35ba036b0c189c7ceca34be494d4c6c97"
      },
      "accounts-t9n": {
        "git": "https://github.com/softwarerero/meteor-accounts-t9n.git",
        "tag": "v0.0.5",
        "commit": "ad9539a8818049d5d9fa050d8b2a1f62706483b1"
      },
      "underscore-string-latest": {
        "git": "https://github.com/TimHeckel/meteor-underscore-string.git",
        "tag": "v2.3.3",
        "commit": "4a5d70eee48fbd90a6e6fc78747250d704a0b3bb"
      },
      "just-i18n": {
        "git": "https://github.com/subhog/meteor-just-i18n.git",
        "tag": "v0.3.0",
        "commit": "a60e7f4350fb9648d6f6b4a01acbbc114c4f4343"
      },
      "blaze-layout": {
        "git": "https://github.com/EventedMind/blaze-layout.git",
        "tag": "v0.2.5",
        "commit": "273e3ab7d005d91a1a59c71bd224533b4dae2fbd"
      },
      "iron-core": {
        "git": "https://github.com/EventedMind/iron-core.git",
        "tag": "v0.2.0",
        "commit": "0e48b5dc50d03f01025b7b900fb5ce2f13d52cad"
      },
      "iron-dynamic-template": {
        "git": "https://github.com/EventedMind/iron-dynamic-template.git",
        "tag": "v0.2.1",
        "commit": "4dd1185c4d9d616c9abdb3f33e4a7d5a88db7e18"
      }
    }
  }
}
